<?xml version="1.0" encoding="utf-8"?>
<Project ToolsVersion="4.0" xmlns="http://schemas.microsoft.com/developer/msbuild/2003">
  <ItemGroup>
    <ClInclude Include="Core\Debug.hpp" />
    <ClInclude Include="Core\Defines.hpp" />
    <ClInclude Include="Core\Core.hpp" />
    <ClInclude Include="Core\TArray.hpp" />
    <ClInclude Include="Core\Memory\MemoryManager.hpp" />
    <ClInclude Include="Core\Memory\Allocator.hpp" />
    <ClInclude Include="Core\Memory.hpp" />
    <ClInclude Include="Core\TDictionary.hpp" />
    <ClInclude Include="Core\String.hpp" />
    <ClInclude Include="Core\PlatformTypes.hpp" />
    <ClInclude Include="Core\Platform\Windows\WindowsTypes.hpp" />
    <ClInclude Include="Core\Platform\Windows\WindowsThreads.hpp" />
    <ClInclude Include="Core\PlatformThreads.hpp" />
    <ClInclude Include="Core\Platform\Windows\WindowsTimers.hpp" />
    <ClInclude Include="Core\PlatformTimers.hpp" />
    <ClInclude Include="Core\Profile.hpp" />
    <ClInclude Include="Core\Platform\Windows\WindowsWindow.hpp" />
    <ClInclude Include="Core\PlatformWindow.hpp" />
    <ClInclude Include="Core\Application.hpp" />
    <ClInclude Include="Core\PlatformEntryPoint.hpp" />
    <ClInclude Include="Core\Serialization\Archive.hpp" />
    <ClInclude Include="Core\Serialization\MemoryReader.hpp" />
    <ClInclude Include="Core\Serialization\MemoryWriter.hpp" />
    <ClInclude Include="Core\Serialization.hpp" />
    <ClInclude Include="Rendering\Rendering.hpp" />
    <ClInclude Include="Core\Iterators\Iterator.hpp" />
    <ClInclude Include="Core\Iterators\LinearStackIterator.hpp" />
    <ClInclude Include="Core\Memory\LinearStackAllocator.hpp" />
    <ClInclude Include="Core\Iterators.hpp" />
    <ClInclude Include="Core\Platform\Windows\WindowsMemory.hpp" />
    <ClInclude Include="Core\PlatformMemory.hpp" />
    <ClInclude Include="Rendering\Color.hpp" />
    <ClInclude Include="Rendering\Feature\RenderingFeature.hpp" />
    <ClInclude Include="Rendering\Feature\StaticMeshRenderingFeature.hpp" />
    <ClInclude Include="Rendering\Feature\RenderComponent.hpp" />
    <ClInclude Include="Rendering\Feature\StaticMeshComponent.hpp" />
    <ClInclude Include="Rendering\Features.hpp" />
    <ClInclude Include="Math\Math.hpp" />
    <ClInclude Include="Math\Vector3f.hpp" />
    <ClInclude Include="Math\MathFunctions.hpp" />
    <ClInclude Include="Math\Vector2f.hpp" />
    <ClInclude Include="Math\Vector4f.hpp" />
    <ClInclude Include="Math\Constants.hpp" />
    <ClInclude Include="Math\Quaternion.hpp" />
    <ClInclude Include="Math\Matrix4x4.hpp" />
    <ClInclude Include="Math\Matrix3x3.hpp" />
    <ClInclude Include="Math\Matrix2x2.hpp" />
    <ClInclude Include="Math\AABB.hpp" />
    <ClInclude Include="Rendering\Shader\Shader.h" />
    <ClInclude Include="Rendering\Shader\Material.hpp" />
    <ClInclude Include="Rendering\Mesh\RawMesh.hpp" />
    <ClInclude Include="Rendering\Mesh\RawVertex.hpp" />
    <ClInclude Include="Rendering\Mesh\VertexInputLayout.hpp" />
    <ClInclude Include="Rendering\Texture\Texture2D.hpp" />
    <ClInclude Include="Rendering\Culling\FramePacket.hpp" />
    <ClInclude Include="Rendering\Culling\RenderNode.hpp" />
    <ClInclude Include="Rendering\Culling\ViewPacket.hpp" />
    <ClInclude Include="Rendering\Culling\RenderObject.hpp" />
    <ClInclude Include="Rendering\RenderContext\OpenGL.hpp" />
    <ClInclude Include="Rendering\RenderContext\RenderContext.hpp" />
    <ClInclude Include="Rendering\RenderContext\Vulkan.hpp" />
    <ClInclude Include="Rendering\RenderContext\OpenGL\glext.hpp" />
    <ClInclude Include="Rendering\RenderContext\OpenGL\OpenGLRenderContext.hpp" />
    <ClInclude Include="Rendering\RenderContext\OpenGL\wglext.hpp" />
    <ClInclude Include="Rendering\RenderContext\Vulkania\VulkanDebug.hpp" />
    <ClInclude Include="Rendering\RenderContext\Vulkania\VulkanHelper.hpp" />
    <ClInclude Include="Rendering\RenderContext\Vulkania\VulkanRenderContext.hpp" />
    <ClInclude Include="Rendering\RenderContext\Vulkania\VulkanSwapchain.hpp" />
    <ClInclude Include="Rendering\Culling\Camera.hpp" />
    <ClInclude Include="Rendering\Mesh\VertexFactory.hpp" />
    <ClInclude Include="Rendering\RenderCommand.hpp" />
    <ClInclude Include="Rendering\CommandBuffer.hpp" />
    <ClInclude Include="Rendering\VertexBuffer.hpp" />
    <ClInclude Include="Rendering\RenderContext\OpenGL\OpenGLVertexBuffer.hpp" />
    <ClInclude Include="Core\IFile.hpp" />
    <ClInclude Include="Core\Platform\Windows\WindowsFileSystem.hpp" />
    <ClInclude Include="Core\PlatformFile.hpp" />
    <ClInclude Include="Rendering\RenderContext\OpenGL\OpenGLShader.hpp" />
    <ClInclude Include="Rendering\RenderContext\OpenGL\OpenGLVertexShader.hpp" />
    <ClInclude Include="Rendering\RenderContext\OpenGL\OpenGLWrapper.hpp" />
    <ClInclude Include="Rendering\RenderContext\OpenGL\OpenGLGeometryShader.hpp" />
    <ClInclude Include="Rendering\RenderContext\OpenGL\OpenGLFragmentShader.hpp" />
    <ClInclude Include="Rendering\RenderContext\Vulkania\VulkanVertexShader.hpp" />
    <ClInclude Include="Rendering\RenderContext\Vulkania\VulkanFragmentShader.hpp" />
    <ClInclude Include="Rendering\RenderContext\Vulkania\VulkanGeometryShader.hpp" />
    <ClInclude Include="Rendering\RenderContext\Vulkania\VulkanShader.hpp" />
    <ClInclude Include="Rendering\RenderContext\Vulkania\VulkanVertexInputLayout.hpp" />
    <ClInclude Include="Rendering\RenderContext\Vulkania\VulkanVertexBuffer.hpp" />
    <ClInclude Include="Rendering\RenderContext\Vulkania\VulkanCommandBuffer.hpp" />
    <ClInclude Include="Core\Platform\Windows\WindowsTextFileIO.hpp" />
    <ClInclude Include="Core\Platform\Windows\WindowsBinaryFileIO.hpp" />
  </ItemGroup>
  <ItemGroup>
    <ClCompile Include="main.cpp" />
    <ClCompile Include="Math\MathFunctions.cpp" />
    <ClCompile Include="Math\Vector4f.cpp" />
    <ClCompile Include="Math\Vector3f.cpp" />
    <ClCompile Include="Math\Vector2f.cpp" />
    <ClCompile Include="Core\Memory\MemoryManager.cpp" />
    <ClCompile Include="Rendering\Culling\FramePacket.cpp" />
    <ClCompile Include="Rendering\Culling\ViewPacket.cpp" />
    <ClCompile Include="Rendering\RenderContext\Vulkania\VulkanDebug.cpp" />
    <ClCompile Include="Rendering\RenderContext\Vulkania\VulkanHelper.cpp" />
    <ClCompile Include="Rendering\RenderContext\Vulkania\VulkanRenderContext.cpp" />
    <ClCompile Include="Rendering\RenderContext\Vulkania\VulkanSwapchain.cpp" />
    <ClCompile Include="Rendering\RenderContext\OpenGL\OpenGLRenderContext.cpp" />
    <ClCompile Include="Rendering\RenderContext\OpenGL\OpenGLVertexBuffer.cpp" />
    <ClCompile Include="Rendering\RenderContext\OpenGL\OpenGLWrapper.cpp" />
    <ClCompile Include="Core\Debug.cpp" />
    <ClCompile Include="Core\Application.cpp" />
    <ClCompile Include="Rendering\RenderContext\Vulkania\VulkanVertexBuffer.cpp" />
  </ItemGroup>
  <ItemGroup>
    <None Include="frag.spv" />
    <None Include="vert.spv" />
  </ItemGroup>
</Project>